# This file is generated by running "yarn install" inside your project.
# Manual changes might be lost - proceed with caution!

__metadata:
  version: 8
  cacheKey: 10c0

"@iarna/toml@npm:^2.2.5":
  version: 2.2.5
  resolution: "@iarna/toml@npm:2.2.5"
  checksum: 10c0/d095381ad4554aca233b7cf5a91f243ef619e5e15efd3157bc640feac320545450d14b394aebbf6f02a2047437ced778ae598d5879a995441ab7b6c0b2c2f201
  languageName: node
  linkType: hard

"@types/node@npm:^22.10.10":
  version: 22.10.10
  resolution: "@types/node@npm:22.10.10"
  dependencies:
    undici-types: "npm:~6.20.0"
  checksum: 10c0/3425772d4513cd5dbdd87c00acda088113c03a97445f84f6a89744c60a66990b56c9d3a7213d09d57b6b944ae8ff45f985565e0c1846726112588e33a22dd12b
  languageName: node
  linkType: hard

"cartel@workspace:.":
  version: 0.0.0-use.local
  resolution: "cartel@workspace:."
  dependencies:
    "@iarna/toml": "npm:^2.2.5"
    "@types/node": "npm:^22.10.10"
    typescript: "npm:^5.7.3"
  bin:
    cartel: ./dist/index.js
  languageName: unknown
  linkType: soft

"typescript@npm:^5.7.3":
  version: 5.7.3
  resolution: "typescript@npm:5.7.3"
  bin:
    tsc: bin/tsc
    tsserver: bin/tsserver
  checksum: 10c0/b7580d716cf1824736cc6e628ab4cd8b51877408ba2be0869d2866da35ef8366dd6ae9eb9d0851470a39be17cbd61df1126f9e211d8799d764ea7431d5435afa
  languageName: node
  linkType: hard

"typescript@patch:typescript@npm%3A^5.7.3#optional!builtin<compat/typescript>":
  version: 5.7.3
  resolution: "typescript@patch:typescript@npm%3A5.7.3#optional!builtin<compat/typescript>::version=5.7.3&hash=8c6c40"
  bin:
    tsc: bin/tsc
    tsserver: bin/tsserver
  checksum: 10c0/3b56d6afa03d9f6172d0b9cdb10e6b1efc9abc1608efd7a3d2f38773d5d8cfb9bbc68dfb72f0a7de5e8db04fc847f4e4baeddcd5ad9c9feda072234f0d788896
  languageName: node
  linkType: hard

"undici-types@npm:~6.20.0":
  version: 6.20.0
  resolution: "undici-types@npm:6.20.0"
  checksum: 10c0/68e659a98898d6a836a9a59e6adf14a5d799707f5ea629433e025ac90d239f75e408e2e5ff086afc3cace26f8b26ee52155293564593fbb4a2f666af57fc59bf
  languageName: node
  linkType: hard
